[tools.actionlint]
version = "1.7.7"
backend = "aqua:rhysd/actionlint"

[tools.actionlint.platforms.linux-x64]
checksum = "sha256:023070a287cd8cccd71515fedc843f1985bf96c436b7effaecce67290e7e0757"
size = 2080472
url = "https://github.com/rhysd/actionlint/releases/download/v1.7.7/actionlint_1.7.7_linux_amd64.tar.gz"

[tools.ast-grep]
version = "0.39.3"
backend = "aqua:ast-grep/ast-grep"

[tools.ast-grep.platforms.linux-x64]
checksum = "blake3:e0ec88575111a8eb8af98e5fa639a15aeebed1fc4274513f1673aadd3db1d598"
size = 7426438
url = "https://github.com/ast-grep/ast-grep/releases/download/0.39.3/app-x86_64-unknown-linux-gnu.zip"

[tools.neovim]
version = "0.11.3"
backend = "aqua:neovim/neovim"

[tools.neovim.platforms.linux-x64]
checksum = "blake3:2028f31e20dd8e50399dc80da13b0ef626b7db83885f65098726626aa44d174b"
size = 10941468
url = "https://github.com/neovim/neovim/releases/download/v0.11.3/nvim-linux-x86_64.tar.gz"

[tools.stylua]
version = "2.1.0"
backend = "aqua:JohnnyMorganz/StyLua"

[tools.stylua.platforms.linux-x64]
checksum = "blake3:54b7956ba032f1db1315795b642dab09b8b93b846ede0eee638a84e0be823ffa"
size = 3139437
url = "https://github.com/JohnnyMorganz/StyLua/releases/download/v2.1.0/stylua-linux-x86_64-musl.zip"
