[tools.actionlint]
version = "1.7.7"
backend = "aqua:rhysd/actionlint"

[tools.actionlint.platforms.linux-x64]
checksum = "sha256:023070a287cd8cccd71515fedc843f1985bf96c436b7effaecce67290e7e0757"
size = 2080472
url = "https://github.com/rhysd/actionlint/releases/download/v1.7.7/actionlint_1.7.7_linux_amd64.tar.gz"

[tools.ast-grep]
version = "0.38.6"
backend = "aqua:ast-grep/ast-grep"

[tools.ast-grep.platforms.linux-x64]
checksum = "blake3:7dc93d8540104939b6cbadd19da0e3e9d0f28305320387ab44acf0c65ea5ef65"
size = 7280525
url = "https://github.com/ast-grep/ast-grep/releases/download/0.38.6/app-x86_64-unknown-linux-gnu.zip"

[tools.neovim]
version = "0.11.2"
backend = "aqua:neovim/neovim"

[tools.neovim.platforms.linux-x64]
checksum = "sha256:a9b24157672eb218ff3e33ef3f8c08db26f8931c5c04bdb0e471371dd1dfe63e"
size = 10928973
url = "https://github.com/neovim/neovim/releases/download/v0.11.2/nvim-linux-x86_64.tar.gz"

[tools.stylua]
version = "2.1.0"
backend = "aqua:JohnnyMorganz/StyLua"

[tools.stylua.platforms.linux-x64]
checksum = "blake3:54b7956ba032f1db1315795b642dab09b8b93b846ede0eee638a84e0be823ffa"
size = 3139437
url = "https://github.com/JohnnyMorganz/StyLua/releases/download/v2.1.0/stylua-linux-x86_64-musl.zip"
